
Microsoft Visual Studio Solution File, Format Version 12.00
# Visual Studio 2013
VisualStudioVersion = 12.0.30723.0
MinimumVisualStudioVersion = 10.0.40219.1
Project("{FAE04EC0-301F-11D3-BF4B-00C04F79EFBC}") = "ScriptLab.Core", "ScriptLab.Core\ScriptLab.Core.csproj", "{F23786CB-702C-4B92-BB7B-C672BA40B3DD}"
EndProject
Project("{FAE04EC0-301F-11D3-BF4B-00C04F79EFBC}") = "ScriptLab.Utilities", "ScriptLab.Utilities\ScriptLab.Utilities.csproj", "{95BF8A31-3CBA-4017-80B2-674773A924FE}"
EndProject
Project("{FAE04EC0-301F-11D3-BF4B-00C04F79EFBC}") = "ScriptLab.Web.Site", "ScriptLab.Web.Site\ScriptLab.Web.Site.csproj", "{031DE2D0-5618-4D42-A222-5D0F96830F9C}"
EndProject
Project("{FAE04EC0-301F-11D3-BF4B-00C04F79EFBC}") = "ScriptLab.Test", "ScriptLab.Test\ScriptLab.Test.csproj", "{C0B6810A-392A-45DB-9D7E-1A8E57A0D1B2}"
EndProject
Global
	GlobalSection(SolutionConfigurationPlatforms) = preSolution
		Debug|Any CPU = Debug|Any CPU
		Release|Any CPU = Release|Any CPU
	EndGlobalSection
	GlobalSection(ProjectConfigurationPlatforms) = postSolution
		{F23786CB-702C-4B92-BB7B-C672BA40B3DD}.Debug|Any CPU.ActiveCfg = Debug|Any CPU
		{F23786CB-702C-4B92-BB7B-C672BA40B3DD}.Debug|Any CPU.Build.0 = Debug|Any CPU
		{F23786CB-702C-4B92-BB7B-C672BA40B3DD}.Release|Any CPU.ActiveCfg = Release|Any CPU
		{F23786CB-702C-4B92-BB7B-C672BA40B3DD}.Release|Any CPU.Build.0 = Release|Any CPU
		{95BF8A31-3CBA-4017-80B2-674773A924FE}.Debug|Any CPU.ActiveCfg = Debug|Any CPU
		{95BF8A31-3CBA-4017-80B2-674773A924FE}.Debug|Any CPU.Build.0 = Debug|Any CPU
		{95BF8A31-3CBA-4017-80B2-674773A924FE}.Release|Any CPU.ActiveCfg = Release|Any CPU
		{95BF8A31-3CBA-4017-80B2-674773A924FE}.Release|Any CPU.Build.0 = Release|Any CPU
		{031DE2D0-5618-4D42-A222-5D0F96830F9C}.Debug|Any CPU.ActiveCfg = Debug|Any CPU
		{031DE2D0-5618-4D42-A222-5D0F96830F9C}.Debug|Any CPU.Build.0 = Debug|Any CPU
		{031DE2D0-5618-4D42-A222-5D0F96830F9C}.Release|Any CPU.ActiveCfg = Release|Any CPU
		{031DE2D0-5618-4D42-A222-5D0F96830F9C}.Release|Any CPU.Build.0 = Release|Any CPU
		{C0B6810A-392A-45DB-9D7E-1A8E57A0D1B2}.Debug|Any CPU.ActiveCfg = Debug|Any CPU
		{C0B6810A-392A-45DB-9D7E-1A8E57A0D1B2}.Debug|Any CPU.Build.0 = Debug|Any CPU
		{C0B6810A-392A-45DB-9D7E-1A8E57A0D1B2}.Release|Any CPU.ActiveCfg = Release|Any CPU
		{C0B6810A-392A-45DB-9D7E-1A8E57A0D1B2}.Release|Any CPU.Build.0 = Release|Any CPU
	EndGlobalSection
	GlobalSection(SolutionProperties) = preSolution
		HideSolutionNode = FALSE
	EndGlobalSection
EndGlobal
